
Microsoft Visual Studio Solution File, Format Version 12.00
# Visual Studio Version 17
VisualStudioVersion = 17.0.31903.59
MinimumVisualStudioVersion = 10.0.40219.1
Project("{FAE04EC0-301F-11D3-BF4B-00C04F79EFBC}") = "MyMath", "MyMath\MyMath.csproj", "{02621080-77E9-4C11-89CC-6A2ECBF70A24}"
EndProject
Project("{FAE04EC0-301F-11D3-BF4B-00C04F79EFBC}") = "MyMath.Tests", "MyMath.Tests\MyMath.Tests.csproj", "{AFA14BEB-D38F-4F08-9DB0-6434F1A68944}"
EndProject
Global
	GlobalSection(SolutionConfigurationPlatforms) = preSolution
		Debug|Any CPU = Debug|Any CPU
		Release|Any CPU = Release|Any CPU
	EndGlobalSection
	GlobalSection(SolutionProperties) = preSolution
		HideSolutionNode = FALSE
	EndGlobalSection
	GlobalSection(ProjectConfigurationPlatforms) = postSolution
		{02621080-77E9-4C11-89CC-6A2ECBF70A24}.Debug|Any CPU.ActiveCfg = Debug|Any CPU
		{02621080-77E9-4C11-89CC-6A2ECBF70A24}.Debug|Any CPU.Build.0 = Debug|Any CPU
		{02621080-77E9-4C11-89CC-6A2ECBF70A24}.Release|Any CPU.ActiveCfg = Release|Any CPU
		{02621080-77E9-4C11-89CC-6A2ECBF70A24}.Release|Any CPU.Build.0 = Release|Any CPU
		{AFA14BEB-D38F-4F08-9DB0-6434F1A68944}.Debug|Any CPU.ActiveCfg = Debug|Any CPU
		{AFA14BEB-D38F-4F08-9DB0-6434F1A68944}.Debug|Any CPU.Build.0 = Debug|Any CPU
		{AFA14BEB-D38F-4F08-9DB0-6434F1A68944}.Release|Any CPU.ActiveCfg = Release|Any CPU
		{AFA14BEB-D38F-4F08-9DB0-6434F1A68944}.Release|Any CPU.Build.0 = Release|Any CPU
	EndGlobalSection
EndGlobal
