
Microsoft Visual Studio Solution File, Format Version 12.00
# Visual Studio Version 17
VisualStudioVersion = 17.5.002.0
MinimumVisualStudioVersion = 10.0.40219.1
Project("{9A19103F-16F7-4668-BE54-9A1E7A4F7556}") = "MyMath.Tests", "MyMath.Tests.csproj", "{C9DBD444-29C5-4F4B-89DC-84F2FE57E65D}"
EndProject
Global
	GlobalSection(SolutionConfigurationPlatforms) = preSolution
		Debug|Any CPU = Debug|Any CPU
		Release|Any CPU = Release|Any CPU
	EndGlobalSection
	GlobalSection(ProjectConfigurationPlatforms) = postSolution
		{C9DBD444-29C5-4F4B-89DC-84F2FE57E65D}.Debug|Any CPU.ActiveCfg = Debug|Any CPU
		{C9DBD444-29C5-4F4B-89DC-84F2FE57E65D}.Debug|Any CPU.Build.0 = Debug|Any CPU
		{C9DBD444-29C5-4F4B-89DC-84F2FE57E65D}.Release|Any CPU.ActiveCfg = Release|Any CPU
		{C9DBD444-29C5-4F4B-89DC-84F2FE57E65D}.Release|Any CPU.Build.0 = Release|Any CPU
	EndGlobalSection
	GlobalSection(SolutionProperties) = preSolution
		HideSolutionNode = FALSE
	EndGlobalSection
	GlobalSection(ExtensibilityGlobals) = postSolution
		SolutionGuid = {4E441417-7AA8-411D-B31F-2882D2929B73}
	EndGlobalSection
EndGlobal
